
Microsoft Visual Studio Solution File, Format Version 12.00
# Visual Studio Version 16
VisualStudioVersion = 16.0.32602.291
MinimumVisualStudioVersion = 10.0.40219.1
Project("{FAE04EC0-301F-11D3-BF4B-00C04F79EFBC}") = "DrunknBarFight_bhaptics", "DrunknBarFight_bhaptics.csproj", "{A62D24DA-9A81-4CD5-8A61-E727CCF37F9B}"
EndProject
Global
	GlobalSection(SolutionConfigurationPlatforms) = preSolution
		Debug|Any CPU = Debug|Any CPU
		Release|Any CPU = Release|Any CPU
	EndGlobalSection
	GlobalSection(ProjectConfigurationPlatforms) = postSolution
		{A62D24DA-9A81-4CD5-8A61-E727CCF37F9B}.Debug|Any CPU.ActiveCfg = Debug|Any CPU
		{A62D24DA-9A81-4CD5-8A61-E727CCF37F9B}.Debug|Any CPU.Build.0 = Debug|Any CPU
		{A62D24DA-9A81-4CD5-8A61-E727CCF37F9B}.Release|Any CPU.ActiveCfg = Release|Any CPU
		{A62D24DA-9A81-4CD5-8A61-E727CCF37F9B}.Release|Any CPU.Build.0 = Release|Any CPU
	EndGlobalSection
	GlobalSection(SolutionProperties) = preSolution
		HideSolutionNode = FALSE
	EndGlobalSection
	GlobalSection(ExtensibilityGlobals) = postSolution
		SolutionGuid = {F52E1237-77E6-4302-80BE-7A2D593E9E48}
	EndGlobalSection
EndGlobal
